
Microsoft Visual Studio Solution File, Format Version 12.00
# Visual Studio Version 17
VisualStudioVersion = 17.6.33815.320
MinimumVisualStudioVersion = 10.0.40219.1
Project("{FAE04EC0-301F-11D3-BF4B-00C04F79EFBC}") = "Domain", "Domain\Domain.csproj", "{00646777-9C81-4FCB-BF20-91D683240F81}"
EndProject
Project("{FAE04EC0-301F-11D3-BF4B-00C04F79EFBC}") = "Application", "Application\Application.csproj", "{C0DD154E-77C7-4AAD-A2B8-D2B2EC38CA03}"
EndProject
Project("{FAE04EC0-301F-11D3-BF4B-00C04F79EFBC}") = "Infrastructure", "Infrastructure\Infrastructure.csproj", "{1772FD06-7CFA-4703-B1DA-CED6659D7A24}"
EndProject
Project("{2150E333-8FDC-42A3-9474-1A3956D46DE8}") = "Core", "Core", "{D92C8B43-95F7-415F-8ADD-7E13CEBE6500}"
EndProject
Project("{2150E333-8FDC-42A3-9474-1A3956D46DE8}") = "Infra", "Infra", "{8AB6231D-FCB1-4879-9EB8-1568FA73B1BB}"
EndProject
Project("{2150E333-8FDC-42A3-9474-1A3956D46DE8}") = "API", "API", "{0CD43C53-D22C-4112-80AE-56CA1909DCE3}"
EndProject
Project("{FAE04EC0-301F-11D3-BF4B-00C04F79EFBC}") = "WebAPI", "WebAPI\WebAPI.csproj", "{DFA75A82-792D-4C8D-9E54-6B9A9B2A77EA}"
EndProject
Global
	GlobalSection(SolutionConfigurationPlatforms) = preSolution
		Debug|Any CPU = Debug|Any CPU
		Release|Any CPU = Release|Any CPU
	EndGlobalSection
	GlobalSection(ProjectConfigurationPlatforms) = postSolution
		{00646777-9C81-4FCB-BF20-91D683240F81}.Debug|Any CPU.ActiveCfg = Debug|Any CPU
		{00646777-9C81-4FCB-BF20-91D683240F81}.Debug|Any CPU.Build.0 = Debug|Any CPU
		{00646777-9C81-4FCB-BF20-91D683240F81}.Release|Any CPU.ActiveCfg = Release|Any CPU
		{00646777-9C81-4FCB-BF20-91D683240F81}.Release|Any CPU.Build.0 = Release|Any CPU
		{C0DD154E-77C7-4AAD-A2B8-D2B2EC38CA03}.Debug|Any CPU.ActiveCfg = Debug|Any CPU
		{C0DD154E-77C7-4AAD-A2B8-D2B2EC38CA03}.Debug|Any CPU.Build.0 = Debug|Any CPU
		{C0DD154E-77C7-4AAD-A2B8-D2B2EC38CA03}.Release|Any CPU.ActiveCfg = Release|Any CPU
		{C0DD154E-77C7-4AAD-A2B8-D2B2EC38CA03}.Release|Any CPU.Build.0 = Release|Any CPU
		{1772FD06-7CFA-4703-B1DA-CED6659D7A24}.Debug|Any CPU.ActiveCfg = Debug|Any CPU
		{1772FD06-7CFA-4703-B1DA-CED6659D7A24}.Debug|Any CPU.Build.0 = Debug|Any CPU
		{1772FD06-7CFA-4703-B1DA-CED6659D7A24}.Release|Any CPU.ActiveCfg = Release|Any CPU
		{1772FD06-7CFA-4703-B1DA-CED6659D7A24}.Release|Any CPU.Build.0 = Release|Any CPU
		{DFA75A82-792D-4C8D-9E54-6B9A9B2A77EA}.Debug|Any CPU.ActiveCfg = Debug|Any CPU
		{DFA75A82-792D-4C8D-9E54-6B9A9B2A77EA}.Debug|Any CPU.Build.0 = Debug|Any CPU
		{DFA75A82-792D-4C8D-9E54-6B9A9B2A77EA}.Release|Any CPU.ActiveCfg = Release|Any CPU
		{DFA75A82-792D-4C8D-9E54-6B9A9B2A77EA}.Release|Any CPU.Build.0 = Release|Any CPU
	EndGlobalSection
	GlobalSection(SolutionProperties) = preSolution
		HideSolutionNode = FALSE
	EndGlobalSection
	GlobalSection(NestedProjects) = preSolution
		{00646777-9C81-4FCB-BF20-91D683240F81} = {D92C8B43-95F7-415F-8ADD-7E13CEBE6500}
		{C0DD154E-77C7-4AAD-A2B8-D2B2EC38CA03} = {D92C8B43-95F7-415F-8ADD-7E13CEBE6500}
		{1772FD06-7CFA-4703-B1DA-CED6659D7A24} = {8AB6231D-FCB1-4879-9EB8-1568FA73B1BB}
		{DFA75A82-792D-4C8D-9E54-6B9A9B2A77EA} = {0CD43C53-D22C-4112-80AE-56CA1909DCE3}
	EndGlobalSection
	GlobalSection(ExtensibilityGlobals) = postSolution
		SolutionGuid = {2CEA0ECC-232C-4B82-B642-2E7BE5F8098E}
	EndGlobalSection
EndGlobal
